// !$*UTF8*$!
{
	archiveVersion = 1;
	classes = {
	};
	objectVersion = 50;
	objects = {

/* Begin PBXBuildFile section */
		A15E767524B365BC00FCDCCB /* AppDelegate.swift in Sources */ = {isa = PBXBuildFile; fileRef = A15E767424B365BC00FCDCCB /* AppDelegate.swift */; };
		A15E767724B365BC00FCDCCB /* SceneDelegate.swift in Sources */ = {isa = PBXBuildFile; fileRef = A15E767624B365BC00FCDCCB /* SceneDelegate.swift */; };
		A15E767924B365BC00FCDCCB /* CellView.swift in Sources */ = {isa = PBXBuildFile; fileRef = A15E767824B365BC00FCDCCB /* CellView.swift */; };
		A15E767B24B365BE00FCDCCB /* Assets.xcassets in Resources */ = {isa = PBXBuildFile; fileRef = A15E767A24B365BE00FCDCCB /* Assets.xcassets */; };
		A15E767E24B365BE00FCDCCB /* Preview Assets.xcassets in Resources */ = {isa = PBXBuildFile; fileRef = A15E767D24B365BE00FCDCCB /* Preview Assets.xcassets */; };
		A15E768124B365BE00FCDCCB /* LaunchScreen.storyboard in Resources */ = {isa = PBXBuildFile; fileRef = A15E767F24B365BE00FCDCCB /* LaunchScreen.storyboard */; };
		A15E768924B366B100FCDCCB /* TableViewController.swift in Sources */ = {isa = PBXBuildFile; fileRef = A15E768824B366B100FCDCCB /* TableViewController.swift */; };
		A15E768B24B4BDF700FCDCCB /* HostingCell.swift in Sources */ = {isa = PBXBuildFile; fileRef = A15E768A24B4BDF700FCDCCB /* HostingCell.swift */; };
/* End PBXBuildFile section */

/* Begin PBXFileReference section */
		A15E767124B365BC00FCDCCB /* NGSwiftUITableCellSizing.app */ = {isa = PBXFileReference; explicitFileType = wrapper.application; includeInIndex = 0; path = NGSwiftUITableCellSizing.app; sourceTree = BUILT_PRODUCTS_DIR; };
		A15E767424B365BC00FCDCCB /* AppDelegate.swift */ = {isa = PBXFileReference; lastKnownFileType = sourcecode.swift; path = AppDelegate.swift; sourceTree = "<group>"; };
		A15E767624B365BC00FCDCCB /* SceneDelegate.swift */ = {isa = PBXFileReference; lastKnownFileType = sourcecode.swift; path = SceneDelegate.swift; sourceTree = "<group>"; };
		A15E767824B365BC00FCDCCB /* CellView.swift */ = {isa = PBXFileReference; lastKnownFileType = sourcecode.swift; path = CellView.swift; sourceTree = "<group>"; };
		A15E767A24B365BE00FCDCCB /* Assets.xcassets */ = {isa = PBXFileReference; lastKnownFileType = folder.assetcatalog; path = Assets.xcassets; sourceTree = "<group>"; };
		A15E767D24B365BE00FCDCCB /* Preview Assets.xcassets */ = {isa = PBXFileReference; lastKnownFileType = folder.assetcatalog; path = "Preview Assets.xcassets"; sourceTree = "<group>"; };
		A15E768024B365BE00FCDCCB /* Base */ = {isa = PBXFileReference; lastKnownFileType = file.storyboard; name = Base; path = Base.lproj/LaunchScreen.storyboard; sourceTree = "<group>"; };
		A15E768224B365BE00FCDCCB /* Info.plist */ = {isa = PBXFileReference; lastKnownFileType = text.plist.xml; path = Info.plist; sourceTree = "<group>"; };
		A15E768824B366B100FCDCCB /* TableViewController.swift */ = {isa = PBXFileReference; lastKnownFileType = sourcecode.swift; path = TableViewController.swift; sourceTree = "<group>"; };
		A15E768A24B4BDF700FCDCCB /* HostingCell.swift */ = {isa = PBXFileReference; lastKnownFileType = sourcecode.swift; path = HostingCell.swift; sourceTree = "<group>"; };
/* End PBXFileReference section */

/* Begin PBXFrameworksBuildPhase section */
		A15E766E24B365BC00FCDCCB /* Frameworks */ = {
			isa = PBXFrameworksBuildPhase;
			buildActionMask = 2147483647;
			files = (
			);
			runOnlyForDeploymentPostprocessing = 0;
		};
/* End PBXFrameworksBuildPhase section */

/* Begin PBXGroup section */
		A15E766824B365BC00FCDCCB = {
			isa = PBXGroup;
			children = (
				A15E767324B365BC00FCDCCB /* NGSwiftUITableCellSizing */,
				A15E767224B365BC00FCDCCB /* Products */,
			);
			sourceTree = "<group>";
		};
		A15E767224B365BC00FCDCCB /* Products */ = {
			isa = PBXGroup;
			children = (
				A15E767124B365BC00FCDCCB /* NGSwiftUITableCellSizing.app */,
			);
			name = Products;
			sourceTree = "<group>";
		};
		A15E767324B365BC00FCDCCB /* NGSwiftUITableCellSizing */ = {
			isa = PBXGroup;
			children = (
				A15E767424B365BC00FCDCCB /* AppDelegate.swift */,
				A15E767624B365BC00FCDCCB /* SceneDelegate.swift */,
				A15E767824B365BC00FCDCCB /* CellView.swift */,
				A15E767A24B365BE00FCDCCB /* Assets.xcassets */,
				A15E767F24B365BE00FCDCCB /* LaunchScreen.storyboard */,
				A15E768224B365BE00FCDCCB /* Info.plist */,
				A15E767C24B365BE00FCDCCB /* Preview Content */,
				A15E768824B366B100FCDCCB /* TableViewController.swift */,
				A15E768A24B4BDF700FCDCCB /* HostingCell.swift */,
			);
			path = NGSwiftUITableCellSizing;
			sourceTree = "<group>";
		};
		A15E767C24B365BE00FCDCCB /* Preview Content */ = {
			isa = PBXGroup;
			children = (
				A15E767D24B365BE00FCDCCB /* Preview Assets.xcassets */,
			);
			path = "Preview Content";
			sourceTree = "<group>";
		};
/* End PBXGroup section */

/* Begin PBXNativeTarget section */
		A15E767024B365BC00FCDCCB /* NGSwiftUITableCellSizing */ = {
			isa = PBXNativeTarget;
			buildConfigurationList = A15E768524B365BE00FCDCCB /* Build configuration list for PBXNativeTarget "NGSwiftUITableCellSizing" */;
			buildPhases = (
				A15E766D24B365BC00FCDCCB /* Sources */,
				A15E766E24B365BC00FCDCCB /* Frameworks */,
				A15E766F24B365BC00FCDCCB /* Resources */,
			);
			buildRules = (
			);
			dependencies = (
			);
			name = NGSwiftUITableCellSizing;
			productName = NGSwiftUITableCellSizing;
			productReference = A15E767124B365BC00FCDCCB /* NGSwiftUITableCellSizing.app */;
			productType = "com.apple.product-type.application";
		};
/* End PBXNativeTarget section */

/* Begin PBXProject section */
		A15E766924B365BC00FCDCCB /* Project object */ = {
			isa = PBXProject;
			attributes = {
				LastSwiftUpdateCheck = 1200;
				LastUpgradeCheck = 1200;
				TargetAttributes = {
					A15E767024B365BC00FCDCCB = {
						CreatedOnToolsVersion = 12.0;
					};
				};
			};
			buildConfigurationList = A15E766C24B365BC00FCDCCB /* Build configuration list for PBXProject "NGSwiftUITableCellSizing" */;
			compatibilityVersion = "Xcode 9.3";
			developmentRegion = en;
			hasScannedForEncodings = 0;
			knownRegions = (
				en,
				Base,
			);
			mainGroup = A15E766824B365BC00FCDCCB;
			productRefGroup = A15E767224B365BC00FCDCCB /* Products */;
			projectDirPath = "";
			projectRoot = "";
			targets = (
				A15E767024B365BC00FCDCCB /* NGSwiftUITableCellSizing */,
			);
		};
/* End PBXProject section */

/* Begin PBXResourcesBuildPhase section */
		A15E766F24B365BC00FCDCCB /* Resources */ = {
			isa = PBXResourcesBuildPhase;
			buildActionMask = 2147483647;
			files = (
				A15E768124B365BE00FCDCCB /* LaunchScreen.storyboard in Resources */,
				A15E767E24B365BE00FCDCCB /* Preview Assets.xcassets in Resources */,
				A15E767B24B365BE00FCDCCB /* Assets.xcassets in Resources */,
			);
			runOnlyForDeploymentPostprocessing = 0;
		};
/* End PBXResourcesBuildPhase section */

/* Begin PBXSourcesBuildPhase section */
		A15E766D24B365BC00FCDCCB /* Sources */ = {
			isa = PBXSourcesBuildPhase;
			buildActionMask = 2147483647;
			files = (
				A15E768B24B4BDF700FCDCCB /* HostingCell.swift in Sources */,
				A15E767524B365BC00FCDCCB /* AppDelegate.swift in Sources */,
				A15E767724B365BC00FCDCCB /* SceneDelegate.swift in Sources */,
				A15E767924B365BC00FCDCCB /* CellView.swift in Sources */,
				A15E768924B366B100FCDCCB /* TableViewController.swift in Sources */,
			);
			runOnlyForDeploymentPostprocessing = 0;
		};
/* End PBXSourcesBuildPhase section */

/* Begin PBXVariantGroup section */
		A15E767F24B365BE00FCDCCB /* LaunchScreen.storyboard */ = {
			isa = PBXVariantGroup;
			children = (
				A15E768024B365BE00FCDCCB /* Base */,
			);
			name = LaunchScreen.storyboard;
			sourceTree = "<group>";
		};
/* End PBXVariantGroup section */

/* Begin XCBuildConfiguration section */
		A15E768324B365BE00FCDCCB /* Debug */ = {
			isa = XCBuildConfiguration;
			buildSettings = {
				ALWAYS_SEARCH_USER_PATHS = NO;
				CLANG_ANALYZER_NONNULL = YES;
				CLANG_ANALYZER_NUMBER_OBJECT_CONVERSION = YES_AGGRESSIVE;
				CLANG_CXX_LANGUAGE_STANDARD = "gnu++14";
				CLANG_CXX_LIBRARY = "libc++";
				CLANG_ENABLE_MODULES = YES;
				CLANG_ENABLE_OBJC_ARC = YES;
				CLANG_ENABLE_OBJC_WEAK = YES;
				CLANG_WARN_BLOCK_CAPTURE_AUTORELEASING = YES;
				CLANG_WARN_BOOL_CONVERSION = YES;
				CLANG_WARN_COMMA = YES;
				CLANG_WARN_CONSTANT_CONVERSION = YES;
				CLANG_WARN_DEPRECATED_OBJC_IMPLEMENTATIONS = YES;
				CLANG_WARN_DIRECT_OBJC_ISA_USAGE = YES_ERROR;
				CLANG_WARN_DOCUMENTATION_COMMENTS = YES;
				CLANG_WARN_EMPTY_BODY = YES;
				CLANG_WARN_ENUM_CONVERSION = YES;
				CLANG_WARN_INFINITE_RECURSION = YES;
				CLANG_WARN_INT_CONVERSION = YES;
				CLANG_WARN_NON_LITERAL_NULL_CONVERSION = YES;
				CLANG_WARN_OBJC_IMPLICIT_RETAIN_SELF = YES;
				CLANG_WARN_OBJC_LITERAL_CONVERSION = YES;
				CLANG_WARN_OBJC_ROOT_CLASS = YES_ERROR;
				CLANG_WARN_QUOTED_INCLUDE_IN_FRAMEWORK_HEADER = YES;
				CLANG_WARN_RANGE_LOOP_ANALYSIS = YES;
				CLANG_WARN_STRICT_PROTOTYPES = YES;
				CLANG_WARN_SUSPICIOUS_MOVE = YES;
				CLANG_WARN_UNGUARDED_AVAILABILITY = YES_AGGRESSIVE;
				CLANG_WARN_UNREACHABLE_CODE = YES;
				CLANG_WARN__DUPLICATE_METHOD_MATCH = YES;
				COPY_PHASE_STRIP = NO;
				DEBUG_INFORMATION_FORMAT = dwarf;
				ENABLE_STRICT_OBJC_MSGSEND = YES;
				ENABLE_TESTABILITY = YES;
				GCC_C_LANGUAGE_STANDARD = gnu11;
				GCC_DYNAMIC_NO_PIC = NO;
				GCC_NO_COMMON_BLOCKS = YES;
				GCC_OPTIMIZATION_LEVEL = 0;
				GCC_PREPROCESSOR_DEFINITIONS = (
					"DEBUG=1",
					"$(inherited)",
				);
				GCC_WARN_64_TO_32_BIT_CONVERSION = YES;
				GCC_WARN_ABOUT_RETURN_TYPE = YES_ERROR;
				GCC_WARN_UNDECLARED_SELECTOR = YES;
				GCC_WARN_UNINITIALIZED_AUTOS = YES_AGGRESSIVE;
				GCC_WARN_UNUSED_FUNCTION = YES;
				GCC_WARN_UNUSED_VARIABLE = YES;
				IPHONEOS_DEPLOYMENT_TARGET = 14.0;
				MTL_ENABLE_DEBUG_INFO = INCLUDE_SOURCE;
				MTL_FAST_MATH = YES;
				ONLY_ACTIVE_ARCH = YES;
				SDKROOT = iphoneos;
				SWIFT_ACTIVE_COMPILATION_CONDITIONS = DEBUG;
				SWIFT_OPTIMIZATION_LEVEL = "-Onone";
			};
			name = Debug;
		};
		A15E768424B365BE00FCDCCB /* Release */ = {
			isa = XCBuildConfiguration;
			buildSettings = {
				ALWAYS_SEARCH_USER_PATHS = NO;
				CLANG_ANALYZER_NONNULL = YES;
				CLANG_ANALYZER_NUMBER_OBJECT_CONVERSION = YES_AGGRESSIVE;
				CLANG_CXX_LANGUAGE_STANDARD = "gnu++14";
				CLANG_CXX_LIBRARY = "libc++";
				CLANG_ENABLE_MODULES = YES;
				CLANG_ENABLE_OBJC_ARC = YES;
				CLANG_ENABLE_OBJC_WEAK = YES;
				CLANG_WARN_BLOCK_CAPTURE_AUTORELEASING = YES;
				CLANG_WARN_BOOL_CONVERSION = YES;
				CLANG_WARN_COMMA = YES;
				CLANG_WARN_CONSTANT_CONVERSION = YES;
				CLANG_WARN_DEPRECATED_OBJC_IMPLEMENTATIONS = YES;
				CLANG_WARN_DIRECT_OBJC_ISA_USAGE = YES_ERROR;
				CLANG_WARN_DOCUMENTATION_COMMENTS = YES;
				CLANG_WARN_EMPTY_BODY = YES;
				CLANG_WARN_ENUM_CONVERSION = YES;
				CLANG_WARN_INFINITE_RECURSION = YES;
				CLANG_WARN_INT_CONVERSION = YES;
				CLANG_WARN_NON_LITERAL_NULL_CONVERSION = YES;
				CLANG_WARN_OBJC_IMPLICIT_RETAIN_SELF = YES;
				CLANG_WARN_OBJC_LITERAL_CONVERSION = YES;
				CLANG_WARN_OBJC_ROOT_CLASS = YES_ERROR;
				CLANG_WARN_QUOTED_INCLUDE_IN_FRAMEWORK_HEADER = YES;
				CLANG_WARN_RANGE_LOOP_ANALYSIS = YES;
				CLANG_WARN_STRICT_PROTOTYPES = YES;
				CLANG_WARN_SUSPICIOUS_MOVE = YES;
				CLANG_WARN_UNGUARDED_AVAILABILITY = YES_AGGRESSIVE;
				CLANG_WARN_UNREACHABLE_CODE = YES;
				CLANG_WARN__DUPLICATE_METHOD_MATCH = YES;
				COPY_PHASE_STRIP = NO;
				DEBUG_INFORMATION_FORMAT = "dwarf-with-dsym";
				ENABLE_NS_ASSERTIONS = NO;
				ENABLE_STRICT_OBJC_MSGSEND = YES;
				GCC_C_LANGUAGE_STANDARD = gnu11;
				GCC_NO_COMMON_BLOCKS = YES;
				GCC_WARN_64_TO_32_BIT_CONVERSION = YES;
				GCC_WARN_ABOUT_RETURN_TYPE = YES_ERROR;
				GCC_WARN_UNDECLARED_SELECTOR = YES;
				GCC_WARN_UNINITIALIZED_AUTOS = YES_AGGRESSIVE;
				GCC_WARN_UNUSED_FUNCTION = YES;
				GCC_WARN_UNUSED_VARIABLE = YES;
				IPHONEOS_DEPLOYMENT_TARGET = 14.0;
				MTL_ENABLE_DEBUG_INFO = NO;
				MTL_FAST_MATH = YES;
				SDKROOT = iphoneos;
				SWIFT_COMPILATION_MODE = wholemodule;
				SWIFT_OPTIMIZATION_LEVEL = "-O";
				VALIDATE_PRODUCT = YES;
			};
			name = Release;
		};
		A15E768624B365BE00FCDCCB /* Debug */ = {
			isa = XCBuildConfiguration;
			buildSettings = {
				ASSETCATALOG_COMPILER_APPICON_NAME = AppIcon;
				ASSETCATALOG_COMPILER_GLOBAL_ACCENT_COLOR_NAME = AccentColor;
				CODE_SIGN_STYLE = Automatic;
				DEVELOPMENT_ASSET_PATHS = "\"NGSwiftUITableCellSizing/Preview Content\"";
				DEVELOPMENT_TEAM = 29P3YRFLV5;
				ENABLE_PREVIEWS = YES;
				INFOPLIST_FILE = NGSwiftUITableCellSizing/Info.plist;
				LD_RUNPATH_SEARCH_PATHS = (
					"$(inherited)",
					"@executable_path/Frameworks",
				);
				PRODUCT_BUNDLE_IDENTIFIER = com.noahgilmore.NGSwiftUITableCellSizing;
				PRODUCT_NAME = "$(TARGET_NAME)";
				SWIFT_VERSION = 5.0;
				TARGETED_DEVICE_FAMILY = "1,2";
			};
			name = Debug;
		};
		A15E768724B365BE00FCDCCB /* Release */ = {
			isa = XCBuildConfiguration;
			buildSettings = {
				ASSETCATALOG_COMPILER_APPICON_NAME = AppIcon;
				ASSETCATALOG_COMPILER_GLOBAL_ACCENT_COLOR_NAME = AccentColor;
				CODE_SIGN_STYLE = Automatic;
				DEVELOPMENT_ASSET_PATHS = "\"NGSwiftUITableCellSizing/Preview Content\"";
				DEVELOPMENT_TEAM = 29P3YRFLV5;
				ENABLE_PREVIEWS = YES;
				INFOPLIST_FILE = NGSwiftUITableCellSizing/Info.plist;
				LD_RUNPATH_SEARCH_PATHS = (
					"$(inherited)",
					"@executable_path/Frameworks",
				);
				PRODUCT_BUNDLE_IDENTIFIER = com.noahgilmore.NGSwiftUITableCellSizing;
				PRODUCT_NAME = "$(TARGET_NAME)";
				SWIFT_VERSION = 5.0;
				TARGETED_DEVICE_FAMILY = "1,2";
			};
			name = Release;
		};
/* End XCBuildConfiguration section */

/* Begin XCConfigurationList section */
		A15E766C24B365BC00FCDCCB /* Build configuration list for PBXProject "NGSwiftUITableCellSizing" */ = {
			isa = XCConfigurationList;
			buildConfigurations = (
				A15E768324B365BE00FCDCCB /* Debug */,
				A15E768424B365BE00FCDCCB /* Release */,
			);
			defaultConfigurationIsVisible = 0;
			defaultConfigurationName = Release;
		};
		A15E768524B365BE00FCDCCB /* Build configuration list for PBXNativeTarget "NGSwiftUITableCellSizing" */ = {
			isa = XCConfigurationList;
			buildConfigurations = (
				A15E768624B365BE00FCDCCB /* Debug */,
				A15E768724B365BE00FCDCCB /* Release */,
			);
			defaultConfigurationIsVisible = 0;
			defaultConfigurationName = Release;
		};
/* End XCConfigurationList section */
	};
	rootObject = A15E766924B365BC00FCDCCB /* Project object */;
}
